
Microsoft Visual Studio Solution File, Format Version 12.00
# Visual Studio Version 17
VisualStudioVersion = 17.11.35327.3
MinimumVisualStudioVersion = 10.0.40219.1
Project("{FAE04EC0-301F-11D3-BF4B-00C04F79EFBC}") = "Majstor_bob", "Majstor_bob.csproj", "{9B0EB3AA-4003-40EC-A4B2-79223B6F6D01}"
EndProject
Global
	GlobalSection(SolutionConfigurationPlatforms) = preSolution
		Debug|Any CPU = Debug|Any CPU
		Release|Any CPU = Release|Any CPU
	EndGlobalSection
	GlobalSection(ProjectConfigurationPlatforms) = postSolution
		{9B0EB3AA-4003-40EC-A4B2-79223B6F6D01}.Debug|Any CPU.ActiveCfg = Debug|Any CPU
		{9B0EB3AA-4003-40EC-A4B2-79223B6F6D01}.Debug|Any CPU.Build.0 = Debug|Any CPU
		{9B0EB3AA-4003-40EC-A4B2-79223B6F6D01}.Release|Any CPU.ActiveCfg = Release|Any CPU
		{9B0EB3AA-4003-40EC-A4B2-79223B6F6D01}.Release|Any CPU.Build.0 = Release|Any CPU
	EndGlobalSection
	GlobalSection(SolutionProperties) = preSolution
		HideSolutionNode = FALSE
	EndGlobalSection
	GlobalSection(ExtensibilityGlobals) = postSolution
		SolutionGuid = {CE05AEE6-8FD5-4B86-9BB0-028495F984D2}
	EndGlobalSection
EndGlobal
